
Microsoft Visual Studio Solution File, Format Version 12.00
# Visual Studio Version 16
VisualStudioVersion = 16.0.32413.511
MinimumVisualStudioVersion = 10.0.40219.1
Project("{FAE04EC0-301F-11D3-BF4B-00C04F79EFBC}") = "MVC-TEST-APP", "MVC-TEST-APP\MVC-TEST-APP.csproj", "{DB203054-276C-4781-AC65-DC15FCEF3C0F}"
EndProject
Global
	GlobalSection(SolutionConfigurationPlatforms) = preSolution
		Debug|Any CPU = Debug|Any CPU
		Release|Any CPU = Release|Any CPU
	EndGlobalSection
	GlobalSection(ProjectConfigurationPlatforms) = postSolution
		{DB203054-276C-4781-AC65-DC15FCEF3C0F}.Debug|Any CPU.ActiveCfg = Debug|Any CPU
		{DB203054-276C-4781-AC65-DC15FCEF3C0F}.Debug|Any CPU.Build.0 = Debug|Any CPU
		{DB203054-276C-4781-AC65-DC15FCEF3C0F}.Release|Any CPU.ActiveCfg = Release|Any CPU
		{DB203054-276C-4781-AC65-DC15FCEF3C0F}.Release|Any CPU.Build.0 = Release|Any CPU
	EndGlobalSection
	GlobalSection(SolutionProperties) = preSolution
		HideSolutionNode = FALSE
	EndGlobalSection
	GlobalSection(ExtensibilityGlobals) = postSolution
		SolutionGuid = {5D2EFA6F-E19A-4A83-BD79-94C220713FCB}
	EndGlobalSection
EndGlobal
